github.com/GoogleCloudPlatform/confidential-space/server v0.0.0-20260528170158-db25840c8cf6 h1:ADE7Auii68Ms2LNNVXj742dRpAMlObQJ6Qy5IrvOJ2Y=
github.com/GoogleCloudPlatform/confidential-space/server v0.0.0-20260528170158-db25840c8cf6/go.mod h1:yKXtlqIj7IL5snfNlXr91iw2BNRhV5fhVHZixd87Fzg=
github.com/golang/protobuf v1.5.4 h1:i7eJL8qZTpSEXOPTxNKhASYpMn+8e5Q6AdndVa1dWek=
github.com/golang/protobuf v1.5.4/go.mod h1:lnTiLA8Wa4RWRcIUkrtSVa5nRhsEGBg48fD6rSs7xps=
github.com/google/go-cmp v0.7.0 h1:wk8382ETsv4JYUZwIsn6YpYiWiBsYLSJiTsyBybVuN8=
github.com/google/go-cmp v0.7.0/go.mod h1:pXiqmnSA92OHEEa9HXL2W4E7lf9JzCmGVUdgjX3N/iU=
github.com/google/go-eventlog v0.0.3-0.20260520195024-af9e78c4d692 h1:7QsnKgT0iaZF7uMsPfAkHsyfpKBz57/SkDfVRj5cQgo=
github.com/google/go-eventlog v0.0.3-0.20260520195024-af9e78c4d692/go.mod h1:7huE5P8w2NTObSwSJjboHmB7ioBNblkijdzoVa2skfQ=
github.com/google/go-tpm v0.9.8 h1:slArAR9Ft+1ybZu0lBwpSmpwhRXaa85hWtMinMyRAWo=
github.com/google/go-tpm v0.9.8/go.mod h1:h9jEsEECg7gtLis0upRBQU+GhYVH6jMjrFxI8u6bVUY=
github.com/google/go-tpm-tools v0.4.9-0.20260522205405-ed0161beaf76 h1:BZdgTbK9IhnFfyFyhE2V01St4jOuUIyF0LTYQdzRYNI=
github.com/google/go-tpm-tools v0.4.9-0.20260522205405-ed0161beaf76/go.mod h1:2rzQ27Y/YELRdpqlvs3QMwvkjjyoefJCbxeplmvibLs=
golang.org/x/net v0.51.0 h1:94R/GTO7mt3/4wIKpcR5gkGmRLOuE/2hNGeWq/GBIFo=
golang.org/x/net v0.51.0/go.mod h1:aamm+2QF5ogm02fjy5Bb7CQ0WMt1/WVM7FtyaTLlA9Y=
golang.org/x/sys v0.42.0 h1:omrd2nAlyT5ESRdCLYdm3+fMfNFE/+Rf4bDIQImRJeo=
golang.org/x/sys v0.42.0/go.mod h1:4GL1E5IUh+htKOUEOaiffhrAeqysfVGipDYzABqnCmw=
golang.org/x/text v0.34.0 h1:oL/Qq0Kdaqxa1KbNeMKwQq0reLCCaFtqu2eNuSeNHbk=
golang.org/x/text v0.34.0/go.mod h1:homfLqTYRFyVYemLBFl5GgL/DWEiH5wcsQ5gSh1yziA=
